
Microsoft Visual Studio Solution File, Format Version 12.00
# Visual Studio Version 17
VisualStudioVersion = 17.11.35222.181
MinimumVisualStudioVersion = 10.0.40219.1
Project("{FAE04EC0-301F-11D3-BF4B-00C04F79EFBC}") = "ProtoScaner.Server", "ProtoScaner.Server\ProtoScaner.Server.csproj", "{571C69E0-08E0-4A4A-9D21-25E200F7DEFF}"
EndProject
Project("{54A90642-561A-4BB1-A94E-469ADEE60C69}") = "protoscaner.client", "protoscaner.client\protoscaner.client.esproj", "{38D1DA9B-62C9-4966-9C22-352846ED947C}"
EndProject
Global
	GlobalSection(SolutionConfigurationPlatforms) = preSolution
		Debug|Any CPU = Debug|Any CPU
		Release|Any CPU = Release|Any CPU
	EndGlobalSection
	GlobalSection(ProjectConfigurationPlatforms) = postSolution
		{571C69E0-08E0-4A4A-9D21-25E200F7DEFF}.Debug|Any CPU.ActiveCfg = Debug|Any CPU
		{571C69E0-08E0-4A4A-9D21-25E200F7DEFF}.Debug|Any CPU.Build.0 = Debug|Any CPU
		{571C69E0-08E0-4A4A-9D21-25E200F7DEFF}.Release|Any CPU.ActiveCfg = Release|Any CPU
		{571C69E0-08E0-4A4A-9D21-25E200F7DEFF}.Release|Any CPU.Build.0 = Release|Any CPU
		{38D1DA9B-62C9-4966-9C22-352846ED947C}.Debug|Any CPU.ActiveCfg = Debug|Any CPU
		{38D1DA9B-62C9-4966-9C22-352846ED947C}.Debug|Any CPU.Build.0 = Debug|Any CPU
		{38D1DA9B-62C9-4966-9C22-352846ED947C}.Debug|Any CPU.Deploy.0 = Debug|Any CPU
		{38D1DA9B-62C9-4966-9C22-352846ED947C}.Release|Any CPU.ActiveCfg = Release|Any CPU
		{38D1DA9B-62C9-4966-9C22-352846ED947C}.Release|Any CPU.Build.0 = Release|Any CPU
		{38D1DA9B-62C9-4966-9C22-352846ED947C}.Release|Any CPU.Deploy.0 = Release|Any CPU
	EndGlobalSection
	GlobalSection(SolutionProperties) = preSolution
		HideSolutionNode = FALSE
	EndGlobalSection
	GlobalSection(ExtensibilityGlobals) = postSolution
		SolutionGuid = {8E86264E-145B-4934-870A-4B968BDF653A}
	EndGlobalSection
EndGlobal
